{
  "name": "binance-data-downloader",
  "lockfileVersion": 3,
  "requires": true,
  "packages": {
    "": {
      "dependencies": {
        "@jupyterlab/services": "^7.4.6"
      }
    },
    "node_modules/@jupyter/ydoc": {
      "version": "3.1.0",
      "resolved": "https://registry.npmjs.org/@jupyter/ydoc/-/ydoc-3.1.0.tgz",
      "integrity": "sha512-+hLNUBZr8Zz8NiuaoYKINDURDJHbjFGxg8EcSU52y+rBe412TsoFxfPSng4eP7w3cZFrVlm7D+8K0nAMHxj0ZQ==",
      "license": "BSD-3-Clause",
      "dependencies": {
        "@jupyterlab/nbformat": "^3.0.0 || ^4.0.0-alpha.21 || ^4.0.0",
        "@lumino/coreutils": "^1.11.0 || ^2.0.0",
        "@lumino/disposable": "^1.10.0 || ^2.0.0",
        "@lumino/signaling": "^1.10.0 || ^2.0.0",
        "y-protocols": "^1.0.5",
        "yjs": "^13.5.40"
      }
    },
    "node_modules/@jupyterlab/coreutils": {
      "version": "6.4.6",
      "resolved": "https://registry.npmjs.org/@jupyterlab/coreutils/-/coreutils-6.4.6.tgz",
      "integrity": "sha512-dRIxgZALn439e295sAQGRfsffKZNjzE3NcVd5pc8gG2HDu/qjHRZ10nu2qE9IOZ3Rb6f1ZP+R7dXrEkf4UTV1w==",
      "license": "BSD-3-Clause",
      "dependencies": {
        "@lumino/coreutils": "^2.2.1",
        "@lumino/disposable": "^2.1.4",
        "@lumino/signaling": "^2.1.4",
        "minimist": "~1.2.0",
        "path-browserify": "^1.0.0",
        "url-parse": "~1.5.4"
      }
    },
    "node_modules/@jupyterlab/nbformat": {
      "version": "4.4.6",
      "resolved": "https://registry.npmjs.org/@jupyterlab/nbformat/-/nbformat-4.4.6.tgz",
      "integrity": "sha512-8q7iKnr9HgWozytw54cJ2Mclreo58Dha9GpXO5CCoZGfrt5lwkMhRdqtwKlZrT9+BpI9TfxyGh76xH0JqARoog==",
      "license": "BSD-3-Clause",
      "dependencies": {
        "@lumino/coreutils": "^2.2.1"
      }
    },
    "node_modules/@jupyterlab/services": {
      "version": "7.4.6",
      "resolved": "https://registry.npmjs.org/@jupyterlab/services/-/services-7.4.6.tgz",
      "integrity": "sha512-9Qz9E3CBLhR+RTJXWC2knygE5j9J6nsYMaz/ZkcvLgDpvek0B6iTBMYFKbohYXGnyBII8wRHfugekxEm2i4fzg==",
      "license": "BSD-3-Clause",
      "dependencies": {
        "@jupyter/ydoc": "^3.1.0",
        "@jupyterlab/coreutils": "^6.4.6",
        "@jupyterlab/nbformat": "^4.4.6",
        "@jupyterlab/settingregistry": "^4.4.6",
        "@jupyterlab/statedb": "^4.4.6",
        "@lumino/coreutils": "^2.2.1",
        "@lumino/disposable": "^2.1.4",
        "@lumino/polling": "^2.1.4",
        "@lumino/properties": "^2.0.3",
        "@lumino/signaling": "^2.1.4",
        "ws": "^8.11.0"
      }
    },
    "node_modules/@jupyterlab/settingregistry": {
      "version": "4.4.6",
      "resolved": "https://registry.npmjs.org/@jupyterlab/settingregistry/-/settingregistry-4.4.6.tgz",
      "integrity": "sha512-S+doXeX0Uftogr70EO4KQ+tMwHT7n/70GiUMClHDPEBPUQE/RIb2jq2zrknXYJ/JFaDR/UFEsqt/uTfeXzOHGA==",
      "license": "BSD-3-Clause",
      "dependencies": {
        "@jupyterlab/nbformat": "^4.4.6",
        "@jupyterlab/statedb": "^4.4.6",
        "@lumino/commands": "^2.3.2",
        "@lumino/coreutils": "^2.2.1",
        "@lumino/disposable": "^2.1.4",
        "@lumino/signaling": "^2.1.4",
        "@rjsf/utils": "^5.13.4",
        "ajv": "^8.12.0",
        "json5": "^2.2.3"
      },
      "peerDependencies": {
        "react": ">=16"
      }
    },
    "node_modules/@jupyterlab/statedb": {
      "version": "4.4.6",
      "resolved": "https://registry.npmjs.org/@jupyterlab/statedb/-/statedb-4.4.6.tgz",
      "integrity": "sha512-7ASitVS5IqXabT1sIBTf3+8r5lbGoWwzE1DZ9pky1c40yav9AvdOX/sn4GQrIgEfn/iCdGRReRnbFjSx5EyhsA==",
      "license": "BSD-3-Clause",
      "dependencies": {
        "@lumino/commands": "^2.3.2",
        "@lumino/coreutils": "^2.2.1",
        "@lumino/disposable": "^2.1.4",
        "@lumino/properties": "^2.0.3",
        "@lumino/signaling": "^2.1.4"
      }
    },
    "node_modules/@lumino/algorithm": {
      "version": "2.0.3",
      "resolved": "https://registry.npmjs.org/@lumino/algorithm/-/algorithm-2.0.3.tgz",
      "integrity": "sha512-DIcF7cIrGEC1Wh8DNjdwaL7IdcNs4Jj1VjO/90oHefeQPszKgc6DSfCxvbQiRanKR6tl/JL7tq4ZRPZES2oVAA==",
      "license": "BSD-3-Clause"
    },
    "node_modules/@lumino/commands": {
      "version": "2.3.2",
      "resolved": "https://registry.npmjs.org/@lumino/commands/-/commands-2.3.2.tgz",
      "integrity": "sha512-aAFEiUpp2hrkQU82Z85w1L80g0iDzsQRncLBa+pqVR/k0k1lz6H9F6xZ1ff+lBumZKKtsxBxNomvd0hfxLLqGw==",
      "license": "BSD-3-Clause",
      "dependencies": {
        "@lumino/algorithm": "^2.0.3",
        "@lumino/coreutils": "^2.2.1",
        "@lumino/disposable": "^2.1.4",
        "@lumino/domutils": "^2.0.3",
        "@lumino/keyboard": "^2.0.3",
        "@lumino/signaling": "^2.1.4",
        "@lumino/virtualdom": "^2.0.3"
      }
    },
    "node_modules/@lumino/coreutils": {
      "version": "2.2.1",
      "resolved": "https://registry.npmjs.org/@lumino/coreutils/-/coreutils-2.2.1.tgz",
      "integrity": "sha512-yij4TnxDIum7xfFUsVvZB0oLv4shs2mNbn3juwtEIsruvVBPmurNzKX0Y8z2QetbP2AZ6MSFtBzEKsihf0H0VA==",
      "license": "BSD-3-Clause",
      "dependencies": {
        "@lumino/algorithm": "^2.0.3"
      }
    },
    "node_modules/@lumino/disposable": {
      "version": "2.1.4",
      "resolved": "https://registry.npmjs.org/@lumino/disposable/-/disposable-2.1.4.tgz",
      "integrity": "sha512-qTJiDbglPE2QnG4x4gtBcRbcfKQibxyyinNGKcNDrcK2TGTbbhK5PpMQ8d70l2V2Xw2pb/LfksBAg5pxkJ/G4A==",
      "license": "BSD-3-Clause",
      "dependencies": {
        "@lumino/signaling": "^2.1.4"
      }
    },
    "node_modules/@lumino/domutils": {
      "version": "2.0.3",
      "resolved": "https://registry.npmjs.org/@lumino/domutils/-/domutils-2.0.3.tgz",
      "integrity": "sha512-bXAbZg3mf2ZDNdBBpCGDike3U+osRGHePTh8H2Ud2KwaN4g/5IryFJm/TiO4K5IYs91bWF2Zqhf3FsdbZKHlGw==",
      "license": "BSD-3-Clause"
    },
    "node_modules/@lumino/keyboard": {
      "version": "2.0.3",
      "resolved": "https://registry.npmjs.org/@lumino/keyboard/-/keyboard-2.0.3.tgz",
      "integrity": "sha512-bU2OxAR8a9eNBdV0YFjU6/lVVpbOw1gM7yHOuDGDdNu4J0UpKapFoR9gopNGSaHTmTwDtx9RHdFfIAgHwjZ+VQ==",
      "license": "BSD-3-Clause"
    },
    "node_modules/@lumino/polling": {
      "version": "2.1.4",
      "resolved": "https://registry.npmjs.org/@lumino/polling/-/polling-2.1.4.tgz",
      "integrity": "sha512-gSkxlIJ/4/esY2G7bsRrY9A4KimDMHTo0shaD+MCbhd09fZMCWJoDMcA447/dykB1rM5NXgugNLjpdGGL/e8cw==",
      "license": "BSD-3-Clause",
      "dependencies": {
        "@lumino/coreutils": "^2.2.1",
        "@lumino/disposable": "^2.1.4",
        "@lumino/signaling": "^2.1.4"
      }
    },
    "node_modules/@lumino/properties": {
      "version": "2.0.3",
      "resolved": "https://registry.npmjs.org/@lumino/properties/-/properties-2.0.3.tgz",
      "integrity": "sha512-zkXIU5uYz/ScHCHGl5Bt4gMYsfPxZEduZd80zqDslBWvTIMro3NnzLe66NMnecbdr5N3hDJagYyA8//Qy3XjiA==",
      "license": "BSD-3-Clause"
    },
    "node_modules/@lumino/signaling": {
      "version": "2.1.4",
      "resolved": "https://registry.npmjs.org/@lumino/signaling/-/signaling-2.1.4.tgz",
      "integrity": "sha512-nC5Z6d9om369Jkh1Vp3b7C89hV4cjr1fQDVcxhemyKXwc9r6VW7FpKixC+jElcAknP5KLj1FAa8Np+K06mMkEA==",
      "license": "BSD-3-Clause",
      "dependencies": {
        "@lumino/algorithm": "^2.0.3",
        "@lumino/coreutils": "^2.2.1"
      }
    },
    "node_modules/@lumino/virtualdom": {
      "version": "2.0.3",
      "resolved": "https://registry.npmjs.org/@lumino/virtualdom/-/virtualdom-2.0.3.tgz",
      "integrity": "sha512-q2C8eBxPvvOOQjN3KuxZ+vJi082JH/GF7KwMdaWsy5g+7wjKdnXPuLQFTBLOrVqIzmbxBDlLeFr93CEhdQXcyQ==",
      "license": "BSD-3-Clause",
      "dependencies": {
        "@lumino/algorithm": "^2.0.3"
      }
    },
    "node_modules/@rjsf/utils": {
      "version": "5.24.13",
      "resolved": "https://registry.npmjs.org/@rjsf/utils/-/utils-5.24.13.tgz",
      "integrity": "sha512-rNF8tDxIwTtXzz5O/U23QU73nlhgQNYJ+Sv5BAwQOIyhIE2Z3S5tUiSVMwZHt0julkv/Ryfwi+qsD4FiE5rOuw==",
      "license": "Apache-2.0",
      "dependencies": {
        "json-schema-merge-allof": "^0.8.1",
        "jsonpointer": "^5.0.1",
        "lodash": "^4.17.21",
        "lodash-es": "^4.17.21",
        "react-is": "^18.2.0"
      },
      "engines": {
        "node": ">=14"
      },
      "peerDependencies": {
        "react": "^16.14.0 || >=17"
      }
    },
    "node_modules/ajv": {
      "version": "8.17.1",
      "resolved": "https://registry.npmjs.org/ajv/-/ajv-8.17.1.tgz",
      "integrity": "sha512-B/gBuNg5SiMTrPkC+A2+cW0RszwxYmn6VYxB/inlBStS5nx6xHIt/ehKRhIMhqusl7a8LjQoZnjCs5vhwxOQ1g==",
      "license": "MIT",
      "dependencies": {
        "fast-deep-equal": "^3.1.3",
        "fast-uri": "^3.0.1",
        "json-schema-traverse": "^1.0.0",
        "require-from-string": "^2.0.2"
      },
      "funding": {
        "type": "github",
        "url": "https://github.com/sponsors/epoberezkin"
      }
    },
    "node_modules/compute-gcd": {
      "version": "1.2.1",
      "resolved": "https://registry.npmjs.org/compute-gcd/-/compute-gcd-1.2.1.tgz",
      "integrity": "sha512-TwMbxBNz0l71+8Sc4czv13h4kEqnchV9igQZBi6QUaz09dnz13juGnnaWWJTRsP3brxOoxeB4SA2WELLw1hCtg==",
      "dependencies": {
        "validate.io-array": "^1.0.3",
        "validate.io-function": "^1.0.2",
        "validate.io-integer-array": "^1.0.0"
      }
    },
    "node_modules/compute-lcm": {
      "version": "1.1.2",
      "resolved": "https://registry.npmjs.org/compute-lcm/-/compute-lcm-1.1.2.tgz",
      "integrity": "sha512-OFNPdQAXnQhDSKioX8/XYT6sdUlXwpeMjfd6ApxMJfyZ4GxmLR1xvMERctlYhlHwIiz6CSpBc2+qYKjHGZw4TQ==",
      "dependencies": {
        "compute-gcd": "^1.2.1",
        "validate.io-array": "^1.0.3",
        "validate.io-function": "^1.0.2",
        "validate.io-integer-array": "^1.0.0"
      }
    },
    "node_modules/fast-deep-equal": {
      "version": "3.1.3",
      "resolved": "https://registry.npmjs.org/fast-deep-equal/-/fast-deep-equal-3.1.3.tgz",
      "integrity": "sha512-f3qQ9oQy9j2AhBe/H9VC91wLmKBCCU/gDOnKNAYG5hswO7BLKj09Hc5HYNz9cGI++xlpDCIgDaitVs03ATR84Q==",
      "license": "MIT"
    },
    "node_modules/fast-uri": {
      "version": "3.1.0",
      "resolved": "https://registry.npmjs.org/fast-uri/-/fast-uri-3.1.0.tgz",
      "integrity": "sha512-iPeeDKJSWf4IEOasVVrknXpaBV0IApz/gp7S2bb7Z4Lljbl2MGJRqInZiUrQwV16cpzw/D3S5j5Julj/gT52AA==",
      "funding": [
        {
          "type": "github",
          "url": "https://github.com/sponsors/fastify"
        },
        {
          "type": "opencollective",
          "url": "https://opencollective.com/fastify"
        }
      ],
      "license": "BSD-3-Clause"
    },
    "node_modules/isomorphic.js": {
      "version": "0.2.5",
      "resolved": "https://registry.npmjs.org/isomorphic.js/-/isomorphic.js-0.2.5.tgz",
      "integrity": "sha512-PIeMbHqMt4DnUP3MA/Flc0HElYjMXArsw1qwJZcm9sqR8mq3l8NYizFMty0pWwE/tzIGH3EKK5+jes5mAr85yw==",
      "license": "MIT",
      "funding": {
        "type": "GitHub Sponsors ❤",
        "url": "https://github.com/sponsors/dmonad"
      }
    },
    "node_modules/json-schema-compare": {
      "version": "0.2.2",
      "resolved": "https://registry.npmjs.org/json-schema-compare/-/json-schema-compare-0.2.2.tgz",
      "integrity": "sha512-c4WYmDKyJXhs7WWvAWm3uIYnfyWFoIp+JEoX34rctVvEkMYCPGhXtvmFFXiffBbxfZsvQ0RNnV5H7GvDF5HCqQ==",
      "license": "MIT",
      "dependencies": {
        "lodash": "^4.17.4"
      }
    },
    "node_modules/json-schema-merge-allof": {
      "version": "0.8.1",
      "resolved": "https://registry.npmjs.org/json-schema-merge-allof/-/json-schema-merge-allof-0.8.1.tgz",
      "integrity": "sha512-CTUKmIlPJbsWfzRRnOXz+0MjIqvnleIXwFTzz+t9T86HnYX/Rozria6ZVGLktAU9e+NygNljveP+yxqtQp/Q4w==",
      "license": "MIT",
      "dependencies": {
        "compute-lcm": "^1.1.2",
        "json-schema-compare": "^0.2.2",
        "lodash": "^4.17.20"
      },
      "engines": {
        "node": ">=12.0.0"
      }
    },
    "node_modules/json-schema-traverse": {
      "version": "1.0.0",
      "resolved": "https://registry.npmjs.org/json-schema-traverse/-/json-schema-traverse-1.0.0.tgz",
      "integrity": "sha512-NM8/P9n3XjXhIZn1lLhkFaACTOURQXjWhV4BA/RnOv8xvgqtqpAX9IO4mRQxSx1Rlo4tqzeqb0sOlruaOy3dug==",
      "license": "MIT"
    },
    "node_modules/json5": {
      "version": "2.2.3",
      "resolved": "https://registry.npmjs.org/json5/-/json5-2.2.3.tgz",
      "integrity": "sha512-XmOWe7eyHYH14cLdVPoyg+GOH3rYX++KpzrylJwSW98t3Nk+U8XOl8FWKOgwtzdb8lXGf6zYwDUzeHMWfxasyg==",
      "license": "MIT",
      "bin": {
        "json5": "lib/cli.js"
      },
      "engines": {
        "node": ">=6"
      }
    },
    "node_modules/jsonpointer": {
      "version": "5.0.1",
      "resolved": "https://registry.npmjs.org/jsonpointer/-/jsonpointer-5.0.1.tgz",
      "integrity": "sha512-p/nXbhSEcu3pZRdkW1OfJhpsVtW1gd4Wa1fnQc9YLiTfAjn0312eMKimbdIQzuZl9aa9xUGaRlP9T/CJE/ditQ==",
      "license": "MIT",
      "engines": {
        "node": ">=0.10.0"
      }
    },
    "node_modules/lib0": {
      "version": "0.2.114",
      "resolved": "https://registry.npmjs.org/lib0/-/lib0-0.2.114.tgz",
      "integrity": "sha512-gcxmNFzA4hv8UYi8j43uPlQ7CGcyMJ2KQb5kZASw6SnAKAf10hK12i2fjrS3Cl/ugZa5Ui6WwIu1/6MIXiHttQ==",
      "license": "MIT",
      "dependencies": {
        "isomorphic.js": "^0.2.4"
      },
      "bin": {
        "0ecdsa-generate-keypair": "bin/0ecdsa-generate-keypair.js",
        "0gentesthtml": "bin/gentesthtml.js",
        "0serve": "bin/0serve.js"
      },
      "engines": {
        "node": ">=16"
      },
      "funding": {
        "type": "GitHub Sponsors ❤",
        "url": "https://github.com/sponsors/dmonad"
      }
    },
    "node_modules/lodash": {
      "version": "4.17.21",
      "resolved": "https://registry.npmjs.org/lodash/-/lodash-4.17.21.tgz",
      "integrity": "sha512-v2kDEe57lecTulaDIuNTPy3Ry4gLGJ6Z1O3vE1krgXZNrsQ+LFTGHVxVjcXPs17LhbZVGedAJv8XZ1tvj5FvSg==",
      "license": "MIT"
    },
    "node_modules/lodash-es": {
      "version": "4.17.21",
      "resolved": "https://registry.npmjs.org/lodash-es/-/lodash-es-4.17.21.tgz",
      "integrity": "sha512-mKnC+QJ9pWVzv+C4/U3rRsHapFfHvQFoFB92e52xeyGMcX6/OlIl78je1u8vePzYZSkkogMPJ2yjxxsb89cxyw==",
      "license": "MIT"
    },
    "node_modules/minimist": {
      "version": "1.2.8",
      "resolved": "https://registry.npmjs.org/minimist/-/minimist-1.2.8.tgz",
      "integrity": "sha512-2yyAR8qBkN3YuheJanUpWC5U3bb5osDywNB8RzDVlDwDHbocAJveqqj1u8+SVD7jkWT4yvsHCpWqqWqAxb0zCA==",
      "license": "MIT",
      "funding": {
        "url": "https://github.com/sponsors/ljharb"
      }
    },
    "node_modules/path-browserify": {
      "version": "1.0.1",
      "resolved": "https://registry.npmjs.org/path-browserify/-/path-browserify-1.0.1.tgz",
      "integrity": "sha512-b7uo2UCUOYZcnF/3ID0lulOJi/bafxa1xPe7ZPsammBSpjSWQkjNxlt635YGS2MiR9GjvuXCtz2emr3jbsz98g==",
      "license": "MIT"
    },
    "node_modules/querystringify": {
      "version": "2.2.0",
      "resolved": "https://registry.npmjs.org/querystringify/-/querystringify-2.2.0.tgz",
      "integrity": "sha512-FIqgj2EUvTa7R50u0rGsyTftzjYmv/a3hO345bZNrqabNqjtgiDMgmo4mkUjd+nzU5oF3dClKqFIPUKybUyqoQ==",
      "license": "MIT"
    },
    "node_modules/react": {
      "version": "19.1.1",
      "resolved": "https://registry.npmjs.org/react/-/react-19.1.1.tgz",
      "integrity": "sha512-w8nqGImo45dmMIfljjMwOGtbmC/mk4CMYhWIicdSflH91J9TyCyczcPFXJzrZ/ZXcgGRFeP6BU0BEJTw6tZdfQ==",
      "license": "MIT",
      "peer": true,
      "engines": {
        "node": ">=0.10.0"
      }
    },
    "node_modules/react-is": {
      "version": "18.3.1",
      "resolved": "https://registry.npmjs.org/react-is/-/react-is-18.3.1.tgz",
      "integrity": "sha512-/LLMVyas0ljjAtoYiPqYiL8VWXzUUdThrmU5+n20DZv+a+ClRoevUzw5JxU+Ieh5/c87ytoTBV9G1FiKfNJdmg==",
      "license": "MIT"
    },
    "node_modules/require-from-string": {
      "version": "2.0.2",
      "resolved": "https://registry.npmjs.org/require-from-string/-/require-from-string-2.0.2.tgz",
      "integrity": "sha512-Xf0nWe6RseziFMu+Ap9biiUbmplq6S9/p+7w7YXP/JBHhrUDDUhwa+vANyubuqfZWTveU//DYVGsDG7RKL/vEw==",
      "license": "MIT",
      "engines": {
        "node": ">=0.10.0"
      }
    },
    "node_modules/requires-port": {
      "version": "1.0.0",
      "resolved": "https://registry.npmjs.org/requires-port/-/requires-port-1.0.0.tgz",
      "integrity": "sha512-KigOCHcocU3XODJxsu8i/j8T9tzT4adHiecwORRQ0ZZFcp7ahwXuRU1m+yuO90C5ZUyGeGfocHDI14M3L3yDAQ==",
      "license": "MIT"
    },
    "node_modules/url-parse": {
      "version": "1.5.10",
      "resolved": "https://registry.npmjs.org/url-parse/-/url-parse-1.5.10.tgz",
      "integrity": "sha512-WypcfiRhfeUP9vvF0j6rw0J3hrWrw6iZv3+22h6iRMJ/8z1Tj6XfLP4DsUix5MhMPnXpiHDoKyoZ/bdCkwBCiQ==",
      "license": "MIT",
      "dependencies": {
        "querystringify": "^2.1.1",
        "requires-port": "^1.0.0"
      }
    },
    "node_modules/validate.io-array": {
      "version": "1.0.6",
      "resolved": "https://registry.npmjs.org/validate.io-array/-/validate.io-array-1.0.6.tgz",
      "integrity": "sha512-DeOy7CnPEziggrOO5CZhVKJw6S3Yi7e9e65R1Nl/RTN1vTQKnzjfvks0/8kQ40FP/dsjRAOd4hxmJ7uLa6vxkg==",
      "license": "MIT"
    },
    "node_modules/validate.io-function": {
      "version": "1.0.2",
      "resolved": "https://registry.npmjs.org/validate.io-function/-/validate.io-function-1.0.2.tgz",
      "integrity": "sha512-LlFybRJEriSuBnUhQyG5bwglhh50EpTL2ul23MPIuR1odjO7XaMLFV8vHGwp7AZciFxtYOeiSCT5st+XSPONiQ=="
    },
    "node_modules/validate.io-integer": {
      "version": "1.0.5",
      "resolved": "https://registry.npmjs.org/validate.io-integer/-/validate.io-integer-1.0.5.tgz",
      "integrity": "sha512-22izsYSLojN/P6bppBqhgUDjCkr5RY2jd+N2a3DCAUey8ydvrZ/OkGvFPR7qfOpwR2LC5p4Ngzxz36g5Vgr/hQ==",
      "dependencies": {
        "validate.io-number": "^1.0.3"
      }
    },
    "node_modules/validate.io-integer-array": {
      "version": "1.0.0",
      "resolved": "https://registry.npmjs.org/validate.io-integer-array/-/validate.io-integer-array-1.0.0.tgz",
      "integrity": "sha512-mTrMk/1ytQHtCY0oNO3dztafHYyGU88KL+jRxWuzfOmQb+4qqnWmI+gykvGp8usKZOM0H7keJHEbRaFiYA0VrA==",
      "dependencies": {
        "validate.io-array": "^1.0.3",
        "validate.io-integer": "^1.0.4"
      }
    },
    "node_modules/validate.io-number": {
      "version": "1.0.3",
      "resolved": "https://registry.npmjs.org/validate.io-number/-/validate.io-number-1.0.3.tgz",
      "integrity": "sha512-kRAyotcbNaSYoDnXvb4MHg/0a1egJdLwS6oJ38TJY7aw9n93Fl/3blIXdyYvPOp55CNxywooG/3BcrwNrBpcSg=="
    },
    "node_modules/ws": {
      "version": "8.18.3",
      "resolved": "https://registry.npmjs.org/ws/-/ws-8.18.3.tgz",
      "integrity": "sha512-PEIGCY5tSlUt50cqyMXfCzX+oOPqN0vuGqWzbcJ2xvnkzkq46oOpz7dQaTDBdfICb4N14+GARUDw2XV2N4tvzg==",
      "license": "MIT",
      "engines": {
        "node": ">=10.0.0"
      },
      "peerDependencies": {
        "bufferutil": "^4.0.1",
        "utf-8-validate": ">=5.0.2"
      },
      "peerDependenciesMeta": {
        "bufferutil": {
          "optional": true
        },
        "utf-8-validate": {
          "optional": true
        }
      }
    },
    "node_modules/y-protocols": {
      "version": "1.0.6",
      "resolved": "https://registry.npmjs.org/y-protocols/-/y-protocols-1.0.6.tgz",
      "integrity": "sha512-vHRF2L6iT3rwj1jub/K5tYcTT/mEYDUppgNPXwp8fmLpui9f7Yeq3OEtTLVF012j39QnV+KEQpNqoN7CWU7Y9Q==",
      "license": "MIT",
      "dependencies": {
        "lib0": "^0.2.85"
      },
      "engines": {
        "node": ">=16.0.0",
        "npm": ">=8.0.0"
      },
      "funding": {
        "type": "GitHub Sponsors ❤",
        "url": "https://github.com/sponsors/dmonad"
      },
      "peerDependencies": {
        "yjs": "^13.0.0"
      }
    },
    "node_modules/yjs": {
      "version": "13.6.27",
      "resolved": "https://registry.npmjs.org/yjs/-/yjs-13.6.27.tgz",
      "integrity": "sha512-OIDwaflOaq4wC6YlPBy2L6ceKeKuF7DeTxx+jPzv1FHn9tCZ0ZwSRnUBxD05E3yed46fv/FWJbvR+Ud7x0L7zw==",
      "license": "MIT",
      "dependencies": {
        "lib0": "^0.2.99"
      },
      "engines": {
        "node": ">=16.0.0",
        "npm": ">=8.0.0"
      },
      "funding": {
        "type": "GitHub Sponsors ❤",
        "url": "https://github.com/sponsors/dmonad"
      }
    }
  }
}
